// !$*UTF8*$!
{
	archiveVersion = 1;
	classes = {
	};
	objectVersion = 48;
	objects = {

/* Begin PBXBuildFile section */
		CFBA665220E23EB700890C26 /* AppDelegate.swift in Sources */ = {isa = PBXBuildFile; fileRef = CFBA665120E23EB700890C26 /* AppDelegate.swift */; };
		CFBA665420E23EB700890C26 /* ViewController.swift in Sources */ = {isa = PBXBuildFile; fileRef = CFBA665320E23EB700890C26 /* ViewController.swift */; };
		CFBA665720E23EB700890C26 /* Main.storyboard in Resources */ = {isa = PBXBuildFile; fileRef = CFBA665520E23EB700890C26 /* Main.storyboard */; };
		CFBA665920E23EB700890C26 /* Assets.xcassets in Resources */ = {isa = PBXBuildFile; fileRef = CFBA665820E23EB700890C26 /* Assets.xcassets */; };
		CFBA665C20E23EB700890C26 /* LaunchScreen.storyboard in Resources */ = {isa = PBXBuildFile; fileRef = CFBA665A20E23EB700890C26 /* LaunchScreen.storyboard */; };
		CFBA666720E23EB700890C26 /* YYTextFieldTests.swift in Sources */ = {isa = PBXBuildFile; fileRef = CFBA666620E23EB700890C26 /* YYTextFieldTests.swift */; };
		CFBA667220E23EB700890C26 /* YYTextFieldUITests.swift in Sources */ = {isa = PBXBuildFile; fileRef = CFBA667120E23EB700890C26 /* YYTextFieldUITests.swift */; };
		CFBA668020E24FB700890C26 /* testImage.png in Resources */ = {isa = PBXBuildFile; fileRef = CFBA667F20E24FB700890C26 /* testImage.png */; };
/* End PBXBuildFile section */

/* Begin PBXContainerItemProxy section */
		CFBA666320E23EB700890C26 /* PBXContainerItemProxy */ = {
			isa = PBXContainerItemProxy;
			containerPortal = CFBA664620E23EB700890C26 /* Project object */;
			proxyType = 1;
			remoteGlobalIDString = CFBA664D20E23EB700890C26;
			remoteInfo = YYTextField;
		};
		CFBA666E20E23EB700890C26 /* PBXContainerItemProxy */ = {
			isa = PBXContainerItemProxy;
			containerPortal = CFBA664620E23EB700890C26 /* Project object */;
			proxyType = 1;
			remoteGlobalIDString = CFBA664D20E23EB700890C26;
			remoteInfo = YYTextField;
		};
/* End PBXContainerItemProxy section */

/* Begin PBXFileReference section */
		CFBA664E20E23EB700890C26 /* YYTextField.app */ = {isa = PBXFileReference; explicitFileType = wrapper.application; includeInIndex = 0; path = YYTextField.app; sourceTree = BUILT_PRODUCTS_DIR; };
		CFBA665120E23EB700890C26 /* AppDelegate.swift */ = {isa = PBXFileReference; lastKnownFileType = sourcecode.swift; path = AppDelegate.swift; sourceTree = "<group>"; };
		CFBA665320E23EB700890C26 /* ViewController.swift */ = {isa = PBXFileReference; lastKnownFileType = sourcecode.swift; path = ViewController.swift; sourceTree = "<group>"; };
		CFBA665620E23EB700890C26 /* Base */ = {isa = PBXFileReference; lastKnownFileType = file.storyboard; name = Base; path = Base.lproj/Main.storyboard; sourceTree = "<group>"; };
		CFBA665820E23EB700890C26 /* Assets.xcassets */ = {isa = PBXFileReference; lastKnownFileType = folder.assetcatalog; path = Assets.xcassets; sourceTree = "<group>"; };
		CFBA665B20E23EB700890C26 /* Base */ = {isa = PBXFileReference; lastKnownFileType = file.storyboard; name = Base; path = Base.lproj/LaunchScreen.storyboard; sourceTree = "<group>"; };
		CFBA665D20E23EB700890C26 /* Info.plist */ = {isa = PBXFileReference; lastKnownFileType = text.plist.xml; path = Info.plist; sourceTree = "<group>"; };
		CFBA666220E23EB700890C26 /* YYTextFieldTests.xctest */ = {isa = PBXFileReference; explicitFileType = wrapper.cfbundle; includeInIndex = 0; path = YYTextFieldTests.xctest; sourceTree = BUILT_PRODUCTS_DIR; };
		CFBA666620E23EB700890C26 /* YYTextFieldTests.swift */ = {isa = PBXFileReference; lastKnownFileType = sourcecode.swift; path = YYTextFieldTests.swift; sourceTree = "<group>"; };
		CFBA666820E23EB700890C26 /* Info.plist */ = {isa = PBXFileReference; lastKnownFileType = text.plist.xml; path = Info.plist; sourceTree = "<group>"; };
		CFBA666D20E23EB700890C26 /* YYTextFieldUITests.xctest */ = {isa = PBXFileReference; explicitFileType = wrapper.cfbundle; includeInIndex = 0; path = YYTextFieldUITests.xctest; sourceTree = BUILT_PRODUCTS_DIR; };
		CFBA667120E23EB700890C26 /* YYTextFieldUITests.swift */ = {isa = PBXFileReference; lastKnownFileType = sourcecode.swift; path = YYTextFieldUITests.swift; sourceTree = "<group>"; };
		CFBA667320E23EB700890C26 /* Info.plist */ = {isa = PBXFileReference; lastKnownFileType = text.plist.xml; path = Info.plist; sourceTree = "<group>"; };
		CFBA667F20E24FB700890C26 /* testImage.png */ = {isa = PBXFileReference; lastKnownFileType = image.png; path = testImage.png; sourceTree = "<group>"; };
/* End PBXFileReference section */

/* Begin PBXFrameworksBuildPhase section */
		CFBA664B20E23EB700890C26 /* Frameworks */ = {
			isa = PBXFrameworksBuildPhase;
			buildActionMask = 2147483647;
			files = (
			);
			runOnlyForDeploymentPostprocessing = 0;
		};
		CFBA665F20E23EB700890C26 /* Frameworks */ = {
			isa = PBXFrameworksBuildPhase;
			buildActionMask = 2147483647;
			files = (
			);
			runOnlyForDeploymentPostprocessing = 0;
		};
		CFBA666A20E23EB700890C26 /* Frameworks */ = {
			isa = PBXFrameworksBuildPhase;
			buildActionMask = 2147483647;
			files = (
			);
			runOnlyForDeploymentPostprocessing = 0;
		};
/* End PBXFrameworksBuildPhase section */

/* Begin PBXGroup section */
		CFBA664520E23EB700890C26 = {
			isa = PBXGroup;
			children = (
				CFBA665020E23EB700890C26 /* YYTextField */,
				CFBA666520E23EB700890C26 /* YYTextFieldTests */,
				CFBA667020E23EB700890C26 /* YYTextFieldUITests */,
				CFBA664F20E23EB700890C26 /* Products */,
			);
			sourceTree = "<group>";
		};
		CFBA664F20E23EB700890C26 /* Products */ = {
			isa = PBXGroup;
			children = (
				CFBA664E20E23EB700890C26 /* YYTextField.app */,
				CFBA666220E23EB700890C26 /* YYTextFieldTests.xctest */,
				CFBA666D20E23EB700890C26 /* YYTextFieldUITests.xctest */,
			);
			name = Products;
			sourceTree = "<group>";
		};
		CFBA665020E23EB700890C26 /* YYTextField */ = {
			isa = PBXGroup;
			children = (
				CFBA665120E23EB700890C26 /* AppDelegate.swift */,
				CFBA665320E23EB700890C26 /* ViewController.swift */,
				CFBA667F20E24FB700890C26 /* testImage.png */,
				CFBA665520E23EB700890C26 /* Main.storyboard */,
				CFBA665820E23EB700890C26 /* Assets.xcassets */,
				CFBA665A20E23EB700890C26 /* LaunchScreen.storyboard */,
				CFBA665D20E23EB700890C26 /* Info.plist */,
			);
			path = YYTextField;
			sourceTree = "<group>";
		};
		CFBA666520E23EB700890C26 /* YYTextFieldTests */ = {
			isa = PBXGroup;
			children = (
				CFBA666620E23EB700890C26 /* YYTextFieldTests.swift */,
				CFBA666820E23EB700890C26 /* Info.plist */,
			);
			path = YYTextFieldTests;
			sourceTree = "<group>";
		};
		CFBA667020E23EB700890C26 /* YYTextFieldUITests */ = {
			isa = PBXGroup;
			children = (
				CFBA667120E23EB700890C26 /* YYTextFieldUITests.swift */,
				CFBA667320E23EB700890C26 /* Info.plist */,
			);
			path = YYTextFieldUITests;
			sourceTree = "<group>";
		};
/* End PBXGroup section */

/* Begin PBXNativeTarget section */
		CFBA664D20E23EB700890C26 /* YYTextField */ = {
			isa = PBXNativeTarget;
			buildConfigurationList = CFBA667620E23EB700890C26 /* Build configuration list for PBXNativeTarget "YYTextField" */;
			buildPhases = (
				CFBA664A20E23EB700890C26 /* Sources */,
				CFBA664B20E23EB700890C26 /* Frameworks */,
				CFBA664C20E23EB700890C26 /* Resources */,
			);
			buildRules = (
			);
			dependencies = (
			);
			name = YYTextField;
			productName = YYTextField;
			productReference = CFBA664E20E23EB700890C26 /* YYTextField.app */;
			productType = "com.apple.product-type.application";
		};
		CFBA666120E23EB700890C26 /* YYTextFieldTests */ = {
			isa = PBXNativeTarget;
			buildConfigurationList = CFBA667920E23EB700890C26 /* Build configuration list for PBXNativeTarget "YYTextFieldTests" */;
			buildPhases = (
				CFBA665E20E23EB700890C26 /* Sources */,
				CFBA665F20E23EB700890C26 /* Frameworks */,
				CFBA666020E23EB700890C26 /* Resources */,
			);
			buildRules = (
			);
			dependencies = (
				CFBA666420E23EB700890C26 /* PBXTargetDependency */,
			);
			name = YYTextFieldTests;
			productName = YYTextFieldTests;
			productReference = CFBA666220E23EB700890C26 /* YYTextFieldTests.xctest */;
			productType = "com.apple.product-type.bundle.unit-test";
		};
		CFBA666C20E23EB700890C26 /* YYTextFieldUITests */ = {
			isa = PBXNativeTarget;
			buildConfigurationList = CFBA667C20E23EB700890C26 /* Build configuration list for PBXNativeTarget "YYTextFieldUITests" */;
			buildPhases = (
				CFBA666920E23EB700890C26 /* Sources */,
				CFBA666A20E23EB700890C26 /* Frameworks */,
				CFBA666B20E23EB700890C26 /* Resources */,
			);
			buildRules = (
			);
			dependencies = (
				CFBA666F20E23EB700890C26 /* PBXTargetDependency */,
			);
			name = YYTextFieldUITests;
			productName = YYTextFieldUITests;
			productReference = CFBA666D20E23EB700890C26 /* YYTextFieldUITests.xctest */;
			productType = "com.apple.product-type.bundle.ui-testing";
		};
/* End PBXNativeTarget section */

/* Begin PBXProject section */
		CFBA664620E23EB700890C26 /* Project object */ = {
			isa = PBXProject;
			attributes = {
				LastSwiftUpdateCheck = 0920;
				LastUpgradeCheck = 0920;
				ORGANIZATIONNAME = "知言网络";
				TargetAttributes = {
					CFBA664D20E23EB700890C26 = {
						CreatedOnToolsVersion = 9.2;
						ProvisioningStyle = Automatic;
					};
					CFBA666120E23EB700890C26 = {
						CreatedOnToolsVersion = 9.2;
						ProvisioningStyle = Automatic;
						TestTargetID = CFBA664D20E23EB700890C26;
					};
					CFBA666C20E23EB700890C26 = {
						CreatedOnToolsVersion = 9.2;
						ProvisioningStyle = Automatic;
						TestTargetID = CFBA664D20E23EB700890C26;
					};
				};
			};
			buildConfigurationList = CFBA664920E23EB700890C26 /* Build configuration list for PBXProject "YYTextField" */;
			compatibilityVersion = "Xcode 8.0";
			developmentRegion = en;
			hasScannedForEncodings = 0;
			knownRegions = (
				en,
				Base,
			);
			mainGroup = CFBA664520E23EB700890C26;
			productRefGroup = CFBA664F20E23EB700890C26 /* Products */;
			projectDirPath = "";
			projectRoot = "";
			targets = (
				CFBA664D20E23EB700890C26 /* YYTextField */,
				CFBA666120E23EB700890C26 /* YYTextFieldTests */,
				CFBA666C20E23EB700890C26 /* YYTextFieldUITests */,
			);
		};
/* End PBXProject section */

/* Begin PBXResourcesBuildPhase section */
		CFBA664C20E23EB700890C26 /* Resources */ = {
			isa = PBXResourcesBuildPhase;
			buildActionMask = 2147483647;
			files = (
				CFBA665C20E23EB700890C26 /* LaunchScreen.storyboard in Resources */,
				CFBA668020E24FB700890C26 /* testImage.png in Resources */,
				CFBA665920E23EB700890C26 /* Assets.xcassets in Resources */,
				CFBA665720E23EB700890C26 /* Main.storyboard in Resources */,
			);
			runOnlyForDeploymentPostprocessing = 0;
		};
		CFBA666020E23EB700890C26 /* Resources */ = {
			isa = PBXResourcesBuildPhase;
			buildActionMask = 2147483647;
			files = (
			);
			runOnlyForDeploymentPostprocessing = 0;
		};
		CFBA666B20E23EB700890C26 /* Resources */ = {
			isa = PBXResourcesBuildPhase;
			buildActionMask = 2147483647;
			files = (
			);
			runOnlyForDeploymentPostprocessing = 0;
		};
/* End PBXResourcesBuildPhase section */

/* Begin PBXSourcesBuildPhase section */
		CFBA664A20E23EB700890C26 /* Sources */ = {
			isa = PBXSourcesBuildPhase;
			buildActionMask = 2147483647;
			files = (
				CFBA665420E23EB700890C26 /* ViewController.swift in Sources */,
				CFBA665220E23EB700890C26 /* AppDelegate.swift in Sources */,
			);
			runOnlyForDeploymentPostprocessing = 0;
		};
		CFBA665E20E23EB700890C26 /* Sources */ = {
			isa = PBXSourcesBuildPhase;
			buildActionMask = 2147483647;
			files = (
				CFBA666720E23EB700890C26 /* YYTextFieldTests.swift in Sources */,
			);
			runOnlyForDeploymentPostprocessing = 0;
		};
		CFBA666920E23EB700890C26 /* Sources */ = {
			isa = PBXSourcesBuildPhase;
			buildActionMask = 2147483647;
			files = (
				CFBA667220E23EB700890C26 /* YYTextFieldUITests.swift in Sources */,
			);
			runOnlyForDeploymentPostprocessing = 0;
		};
/* End PBXSourcesBuildPhase section */

/* Begin PBXTargetDependency section */
		CFBA666420E23EB700890C26 /* PBXTargetDependency */ = {
			isa = PBXTargetDependency;
			target = CFBA664D20E23EB700890C26 /* YYTextField */;
			targetProxy = CFBA666320E23EB700890C26 /* PBXContainerItemProxy */;
		};
		CFBA666F20E23EB700890C26 /* PBXTargetDependency */ = {
			isa = PBXTargetDependency;
			target = CFBA664D20E23EB700890C26 /* YYTextField */;
			targetProxy = CFBA666E20E23EB700890C26 /* PBXContainerItemProxy */;
		};
/* End PBXTargetDependency section */

/* Begin PBXVariantGroup section */
		CFBA665520E23EB700890C26 /* Main.storyboard */ = {
			isa = PBXVariantGroup;
			children = (
				CFBA665620E23EB700890C26 /* Base */,
			);
			name = Main.storyboard;
			sourceTree = "<group>";
		};
		CFBA665A20E23EB700890C26 /* LaunchScreen.storyboard */ = {
			isa = PBXVariantGroup;
			children = (
				CFBA665B20E23EB700890C26 /* Base */,
			);
			name = LaunchScreen.storyboard;
			sourceTree = "<group>";
		};
/* End PBXVariantGroup section */

/* Begin XCBuildConfiguration section */
		CFBA667420E23EB700890C26 /* Debug */ = {
			isa = XCBuildConfiguration;
			buildSettings = {
				ALWAYS_SEARCH_USER_PATHS = NO;
				CLANG_ANALYZER_NONNULL = YES;
				CLANG_ANALYZER_NUMBER_OBJECT_CONVERSION = YES_AGGRESSIVE;
				CLANG_CXX_LANGUAGE_STANDARD = "gnu++14";
				CLANG_CXX_LIBRARY = "libc++";
				CLANG_ENABLE_MODULES = YES;
				CLANG_ENABLE_OBJC_ARC = YES;
				CLANG_WARN_BLOCK_CAPTURE_AUTORELEASING = YES;
				CLANG_WARN_BOOL_CONVERSION = YES;
				CLANG_WARN_COMMA = YES;
				CLANG_WARN_CONSTANT_CONVERSION = YES;
				CLANG_WARN_DIRECT_OBJC_ISA_USAGE = YES_ERROR;
				CLANG_WARN_DOCUMENTATION_COMMENTS = YES;
				CLANG_WARN_EMPTY_BODY = YES;
				CLANG_WARN_ENUM_CONVERSION = YES;
				CLANG_WARN_INFINITE_RECURSION = YES;
				CLANG_WARN_INT_CONVERSION = YES;
				CLANG_WARN_NON_LITERAL_NULL_CONVERSION = YES;
				CLANG_WARN_OBJC_LITERAL_CONVERSION = YES;
				CLANG_WARN_OBJC_ROOT_CLASS = YES_ERROR;
				CLANG_WARN_RANGE_LOOP_ANALYSIS = YES;
				CLANG_WARN_STRICT_PROTOTYPES = YES;
				CLANG_WARN_SUSPICIOUS_MOVE = YES;
				CLANG_WARN_UNGUARDED_AVAILABILITY = YES_AGGRESSIVE;
				CLANG_WARN_UNREACHABLE_CODE = YES;
				CLANG_WARN__DUPLICATE_METHOD_MATCH = YES;
				CODE_SIGN_IDENTITY = "iPhone Developer";
				COPY_PHASE_STRIP = NO;
				DEBUG_INFORMATION_FORMAT = dwarf;
				ENABLE_STRICT_OBJC_MSGSEND = YES;
				ENABLE_TESTABILITY = YES;
				GCC_C_LANGUAGE_STANDARD = gnu11;
				GCC_DYNAMIC_NO_PIC = NO;
				GCC_NO_COMMON_BLOCKS = YES;
				GCC_OPTIMIZATION_LEVEL = 0;
				GCC_PREPROCESSOR_DEFINITIONS = (
					"DEBUG=1",
					"$(inherited)",
				);
				GCC_WARN_64_TO_32_BIT_CONVERSION = YES;
				GCC_WARN_ABOUT_RETURN_TYPE = YES_ERROR;
				GCC_WARN_UNDECLARED_SELECTOR = YES;
				GCC_WARN_UNINITIALIZED_AUTOS = YES_AGGRESSIVE;
				GCC_WARN_UNUSED_FUNCTION = YES;
				GCC_WARN_UNUSED_VARIABLE = YES;
				IPHONEOS_DEPLOYMENT_TARGET = 11.2;
				MTL_ENABLE_DEBUG_INFO = YES;
				ONLY_ACTIVE_ARCH = YES;
				SDKROOT = iphoneos;
				SWIFT_ACTIVE_COMPILATION_CONDITIONS = DEBUG;
				SWIFT_OPTIMIZATION_LEVEL = "-Onone";
			};
			name = Debug;
		};
		CFBA667520E23EB700890C26 /* Release */ = {
			isa = XCBuildConfiguration;
			buildSettings = {
				ALWAYS_SEARCH_USER_PATHS = NO;
				CLANG_ANALYZER_NONNULL = YES;
				CLANG_ANALYZER_NUMBER_OBJECT_CONVERSION = YES_AGGRESSIVE;
				CLANG_CXX_LANGUAGE_STANDARD = "gnu++14";
				CLANG_CXX_LIBRARY = "libc++";
				CLANG_ENABLE_MODULES = YES;
				CLANG_ENABLE_OBJC_ARC = YES;
				CLANG_WARN_BLOCK_CAPTURE_AUTORELEASING = YES;
				CLANG_WARN_BOOL_CONVERSION = YES;
				CLANG_WARN_COMMA = YES;
				CLANG_WARN_CONSTANT_CONVERSION = YES;
				CLANG_WARN_DIRECT_OBJC_ISA_USAGE = YES_ERROR;
				CLANG_WARN_DOCUMENTATION_COMMENTS = YES;
				CLANG_WARN_EMPTY_BODY = YES;
				CLANG_WARN_ENUM_CONVERSION = YES;
				CLANG_WARN_INFINITE_RECURSION = YES;
				CLANG_WARN_INT_CONVERSION = YES;
				CLANG_WARN_NON_LITERAL_NULL_CONVERSION = YES;
				CLANG_WARN_OBJC_LITERAL_CONVERSION = YES;
				CLANG_WARN_OBJC_ROOT_CLASS = YES_ERROR;
				CLANG_WARN_RANGE_LOOP_ANALYSIS = YES;
				CLANG_WARN_STRICT_PROTOTYPES = YES;
				CLANG_WARN_SUSPICIOUS_MOVE = YES;
				CLANG_WARN_UNGUARDED_AVAILABILITY = YES_AGGRESSIVE;
				CLANG_WARN_UNREACHABLE_CODE = YES;
				CLANG_WARN__DUPLICATE_METHOD_MATCH = YES;
				CODE_SIGN_IDENTITY = "iPhone Developer";
				COPY_PHASE_STRIP = NO;
				DEBUG_INFORMATION_FORMAT = "dwarf-with-dsym";
				ENABLE_NS_ASSERTIONS = NO;
				ENABLE_STRICT_OBJC_MSGSEND = YES;
				GCC_C_LANGUAGE_STANDARD = gnu11;
				GCC_NO_COMMON_BLOCKS = YES;
				GCC_WARN_64_TO_32_BIT_CONVERSION = YES;
				GCC_WARN_ABOUT_RETURN_TYPE = YES_ERROR;
				GCC_WARN_UNDECLARED_SELECTOR = YES;
				GCC_WARN_UNINITIALIZED_AUTOS = YES_AGGRESSIVE;
				GCC_WARN_UNUSED_FUNCTION = YES;
				GCC_WARN_UNUSED_VARIABLE = YES;
				IPHONEOS_DEPLOYMENT_TARGET = 11.2;
				MTL_ENABLE_DEBUG_INFO = NO;
				SDKROOT = iphoneos;
				SWIFT_OPTIMIZATION_LEVEL = "-Owholemodule";
				VALIDATE_PRODUCT = YES;
			};
			name = Release;
		};
		CFBA667720E23EB700890C26 /* Debug */ = {
			isa = XCBuildConfiguration;
			buildSettings = {
				ASSETCATALOG_COMPILER_APPICON_NAME = AppIcon;
				CODE_SIGN_STYLE = Automatic;
				INFOPLIST_FILE = YYTextField/Info.plist;
				LD_RUNPATH_SEARCH_PATHS = "$(inherited) @executable_path/Frameworks";
				PRODUCT_BUNDLE_IDENTIFIER = com.zhiyan.YYTextField;
				PRODUCT_NAME = "$(TARGET_NAME)";
				SWIFT_VERSION = 4.0;
				TARGETED_DEVICE_FAMILY = "1,2";
			};
			name = Debug;
		};
		CFBA667820E23EB700890C26 /* Release */ = {
			isa = XCBuildConfiguration;
			buildSettings = {
				ASSETCATALOG_COMPILER_APPICON_NAME = AppIcon;
				CODE_SIGN_STYLE = Automatic;
				INFOPLIST_FILE = YYTextField/Info.plist;
				LD_RUNPATH_SEARCH_PATHS = "$(inherited) @executable_path/Frameworks";
				PRODUCT_BUNDLE_IDENTIFIER = com.zhiyan.YYTextField;
				PRODUCT_NAME = "$(TARGET_NAME)";
				SWIFT_VERSION = 4.0;
				TARGETED_DEVICE_FAMILY = "1,2";
			};
			name = Release;
		};
		CFBA667A20E23EB700890C26 /* Debug */ = {
			isa = XCBuildConfiguration;
			buildSettings = {
				ALWAYS_EMBED_SWIFT_STANDARD_LIBRARIES = YES;
				BUNDLE_LOADER = "$(TEST_HOST)";
				CODE_SIGN_STYLE = Automatic;
				INFOPLIST_FILE = YYTextFieldTests/Info.plist;
				LD_RUNPATH_SEARCH_PATHS = "$(inherited) @executable_path/Frameworks @loader_path/Frameworks";
				PRODUCT_BUNDLE_IDENTIFIER = com.zhiyan.YYTextFieldTests;
				PRODUCT_NAME = "$(TARGET_NAME)";
				SWIFT_VERSION = 4.0;
				TARGETED_DEVICE_FAMILY = "1,2";
				TEST_HOST = "$(BUILT_PRODUCTS_DIR)/YYTextField.app/YYTextField";
			};
			name = Debug;
		};
		CFBA667B20E23EB700890C26 /* Release */ = {
			isa = XCBuildConfiguration;
			buildSettings = {
				ALWAYS_EMBED_SWIFT_STANDARD_LIBRARIES = YES;
				BUNDLE_LOADER = "$(TEST_HOST)";
				CODE_SIGN_STYLE = Automatic;
				INFOPLIST_FILE = YYTextFieldTests/Info.plist;
				LD_RUNPATH_SEARCH_PATHS = "$(inherited) @executable_path/Frameworks @loader_path/Frameworks";
				PRODUCT_BUNDLE_IDENTIFIER = com.zhiyan.YYTextFieldTests;
				PRODUCT_NAME = "$(TARGET_NAME)";
				SWIFT_VERSION = 4.0;
				TARGETED_DEVICE_FAMILY = "1,2";
				TEST_HOST = "$(BUILT_PRODUCTS_DIR)/YYTextField.app/YYTextField";
			};
			name = Release;
		};
		CFBA667D20E23EB700890C26 /* Debug */ = {
			isa = XCBuildConfiguration;
			buildSettings = {
				ALWAYS_EMBED_SWIFT_STANDARD_LIBRARIES = YES;
				CODE_SIGN_STYLE = Automatic;
				INFOPLIST_FILE = YYTextFieldUITests/Info.plist;
				LD_RUNPATH_SEARCH_PATHS = "$(inherited) @executable_path/Frameworks @loader_path/Frameworks";
				PRODUCT_BUNDLE_IDENTIFIER = com.zhiyan.YYTextFieldUITests;
				PRODUCT_NAME = "$(TARGET_NAME)";
				SWIFT_VERSION = 4.0;
				TARGETED_DEVICE_FAMILY = "1,2";
				TEST_TARGET_NAME = YYTextField;
			};
			name = Debug;
		};
		CFBA667E20E23EB700890C26 /* Release */ = {
			isa = XCBuildConfiguration;
			buildSettings = {
				ALWAYS_EMBED_SWIFT_STANDARD_LIBRARIES = YES;
				CODE_SIGN_STYLE = Automatic;
				INFOPLIST_FILE = YYTextFieldUITests/Info.plist;
				LD_RUNPATH_SEARCH_PATHS = "$(inherited) @executable_path/Frameworks @loader_path/Frameworks";
				PRODUCT_BUNDLE_IDENTIFIER = com.zhiyan.YYTextFieldUITests;
				PRODUCT_NAME = "$(TARGET_NAME)";
				SWIFT_VERSION = 4.0;
				TARGETED_DEVICE_FAMILY = "1,2";
				TEST_TARGET_NAME = YYTextField;
			};
			name = Release;
		};
/* End XCBuildConfiguration section */

/* Begin XCConfigurationList section */
		CFBA664920E23EB700890C26 /* Build configuration list for PBXProject "YYTextField" */ = {
			isa = XCConfigurationList;
			buildConfigurations = (
				CFBA667420E23EB700890C26 /* Debug */,
				CFBA667520E23EB700890C26 /* Release */,
			);
			defaultConfigurationIsVisible = 0;
			defaultConfigurationName = Release;
		};
		CFBA667620E23EB700890C26 /* Build configuration list for PBXNativeTarget "YYTextField" */ = {
			isa = XCConfigurationList;
			buildConfigurations = (
				CFBA667720E23EB700890C26 /* Debug */,
				CFBA667820E23EB700890C26 /* Release */,
			);
			defaultConfigurationIsVisible = 0;
			defaultConfigurationName = Release;
		};
		CFBA667920E23EB700890C26 /* Build configuration list for PBXNativeTarget "YYTextFieldTests" */ = {
			isa = XCConfigurationList;
			buildConfigurations = (
				CFBA667A20E23EB700890C26 /* Debug */,
				CFBA667B20E23EB700890C26 /* Release */,
			);
			defaultConfigurationIsVisible = 0;
			defaultConfigurationName = Release;
		};
		CFBA667C20E23EB700890C26 /* Build configuration list for PBXNativeTarget "YYTextFieldUITests" */ = {
			isa = XCConfigurationList;
			buildConfigurations = (
				CFBA667D20E23EB700890C26 /* Debug */,
				CFBA667E20E23EB700890C26 /* Release */,
			);
			defaultConfigurationIsVisible = 0;
			defaultConfigurationName = Release;
		};
/* End XCConfigurationList section */
	};
	rootObject = CFBA664620E23EB700890C26 /* Project object */;
}
